
Microsoft Visual Studio Solution File, Format Version 12.00
# Visual Studio 15
VisualStudioVersion = 15.0.28307.489
MinimumVisualStudioVersion = 10.0.40219.1
Project("{8BC9CEB8-8B4A-11D0-8D11-00A0C91BC942}") = "wait_fork", "wait_fork\wait_fork.vcxproj", "{BAF873CA-7CB6-45AE-96A2-4944573239D6}"
EndProject
Global
	GlobalSection(SolutionConfigurationPlatforms) = preSolution
		Debug|ARM = Debug|ARM
		Debug|ARM64 = Debug|ARM64
		Debug|x64 = Debug|x64
		Debug|x86 = Debug|x86
		Release|ARM = Release|ARM
		Release|ARM64 = Release|ARM64
		Release|x64 = Release|x64
		Release|x86 = Release|x86
	EndGlobalSection
	GlobalSection(ProjectConfigurationPlatforms) = postSolution
		{BAF873CA-7CB6-45AE-96A2-4944573239D6}.Debug|ARM.ActiveCfg = Debug|ARM
		{BAF873CA-7CB6-45AE-96A2-4944573239D6}.Debug|ARM.Build.0 = Debug|ARM
		{BAF873CA-7CB6-45AE-96A2-4944573239D6}.Debug|ARM64.ActiveCfg = Debug|ARM64
		{BAF873CA-7CB6-45AE-96A2-4944573239D6}.Debug|ARM64.Build.0 = Debug|ARM64
		{BAF873CA-7CB6-45AE-96A2-4944573239D6}.Debug|x64.ActiveCfg = Debug|x64
		{BAF873CA-7CB6-45AE-96A2-4944573239D6}.Debug|x64.Build.0 = Debug|x64
		{BAF873CA-7CB6-45AE-96A2-4944573239D6}.Debug|x86.ActiveCfg = Debug|x86
		{BAF873CA-7CB6-45AE-96A2-4944573239D6}.Debug|x86.Build.0 = Debug|x86
		{BAF873CA-7CB6-45AE-96A2-4944573239D6}.Release|ARM.ActiveCfg = Release|ARM
		{BAF873CA-7CB6-45AE-96A2-4944573239D6}.Release|ARM.Build.0 = Release|ARM
		{BAF873CA-7CB6-45AE-96A2-4944573239D6}.Release|ARM64.ActiveCfg = Release|ARM64
		{BAF873CA-7CB6-45AE-96A2-4944573239D6}.Release|ARM64.Build.0 = Release|ARM64
		{BAF873CA-7CB6-45AE-96A2-4944573239D6}.Release|x64.ActiveCfg = Release|x64
		{BAF873CA-7CB6-45AE-96A2-4944573239D6}.Release|x64.Build.0 = Release|x64
		{BAF873CA-7CB6-45AE-96A2-4944573239D6}.Release|x86.ActiveCfg = Release|x86
		{BAF873CA-7CB6-45AE-96A2-4944573239D6}.Release|x86.Build.0 = Release|x86
	EndGlobalSection
	GlobalSection(SolutionProperties) = preSolution
		HideSolutionNode = FALSE
	EndGlobalSection
	GlobalSection(ExtensibilityGlobals) = postSolution
		SolutionGuid = {BAB787AB-1D77-4DE8-8CC2-DE17B2A744DD}
	EndGlobalSection
EndGlobal
